{
  "name": "Intro to SQL",
  "lockfileVersion": 3,
  "requires": true,
  "packages": {
    "": {
      "dependencies": {
        "@electric-sql/pglite": "^0.3.7"
      }
    },
    "node_modules/@electric-sql/pglite": {
      "version": "0.3.7",
      "resolved": "https://registry.npmjs.org/@electric-sql/pglite/-/pglite-0.3.7.tgz",
      "integrity": "sha512-5c3mybVrhxu5s47zFZtIGdG8YHkKCBENOmqxnNBjY53ZoDhADY/c5UqBDl159b7qtkzNPtbbb893wL9zi1kAuw==",
      "license": "Apache-2.0"
    }
  }
}
